github.com/go-gl/gl v0.0.0-20211210172815-726fda9656d6 h1:zDw5v7qm4yH7N8C8uWd+8Ii9rROdgWxQuGoJ9WDXxfk=
github.com/go-gl/gl v0.0.0-20211210172815-726fda9656d6/go.mod h1:9YTyiznxEY1fVinfM7RvRcjRHbw2xLBJ3AAGIT0I4Nw=
github.com/go-gl/glfw/v3.3/glfw v0.0.0-20221017161538-93cebf72946b h1:GgabKamyOYguHqHjSkDACcgoPIz3w0Dis/zJ1wyHHHU=
github.com/go-gl/glfw/v3.3/glfw v0.0.0-20221017161538-93cebf72946b/go.mod h1:tQ2UAYgL5IevRw8kRxooKSPJfGvJ9fJQFa0TUsXzTg8=
github.com/rebay1982/redpix v0.0.0-20230212205929-b95f66f75cd2 h1:OjMx9oEV0ylRttcdKJotdTCoX/yueTW1XmYwdExfQ6I=
github.com/rebay1982/redpix v0.0.0-20230212205929-b95f66f75cd2/go.mod h1:FfYv4h8jX374j0a+qJAVHyIZSHf+HVBuRbsC6w8S+hE=
